
Microsoft Visual Studio Solution File, Format Version 12.00
# Visual Studio Version 17
VisualStudioVersion = 17.6.33829.357
MinimumVisualStudioVersion = 10.0.40219.1
Project("{FAE04EC0-301F-11D3-BF4B-00C04F79EFBC}") = "xinchen-web", "xinchen-web\xinchen-web.csproj", "{659E59BB-5354-4A77-AC77-83C68C559A28}"
EndProject
Global
	GlobalSection(SolutionConfigurationPlatforms) = preSolution
		Debug|Any CPU = Debug|Any CPU
		Release|Any CPU = Release|Any CPU
	EndGlobalSection
	GlobalSection(ProjectConfigurationPlatforms) = postSolution
		{659E59BB-5354-4A77-AC77-83C68C559A28}.Debug|Any CPU.ActiveCfg = Debug|Any CPU
		{659E59BB-5354-4A77-AC77-83C68C559A28}.Debug|Any CPU.Build.0 = Debug|Any CPU
		{659E59BB-5354-4A77-AC77-83C68C559A28}.Release|Any CPU.ActiveCfg = Release|Any CPU
		{659E59BB-5354-4A77-AC77-83C68C559A28}.Release|Any CPU.Build.0 = Release|Any CPU
	EndGlobalSection
	GlobalSection(SolutionProperties) = preSolution
		HideSolutionNode = FALSE
	EndGlobalSection
	GlobalSection(ExtensibilityGlobals) = postSolution
		SolutionGuid = {8C1FE767-BE8A-4802-A1A8-014F88CDC995}
	EndGlobalSection
EndGlobal
